
Microsoft Visual Studio Solution File, Format Version 12.00
# Visual Studio Version 17
VisualStudioVersion = 17.6.33829.357
MinimumVisualStudioVersion = 10.0.40219.1
Project("{9A19103F-16F7-4668-BE54-9A1E7A4F7556}") = "SQLServerUI", "SQLServerUI\SQLServerUI.csproj", "{0B62493A-760A-4FD6-925F-BE286351BA04}"
EndProject
Project("{9A19103F-16F7-4668-BE54-9A1E7A4F7556}") = "DataAccessLibrary", "DataAccessLibrary\DataAccessLibrary.csproj", "{3F3A8894-D7A0-48AC-8AAC-B446165C69B0}"
EndProject
Project("{00D1A9C2-B5F0-4AF3-8072-F6C62B433612}") = "SQLContactsDB", "SQLContactsDB\SQLContactsDB.sqlproj", "{3A9C585F-8EC3-4093-A542-C7BDBC780AB2}"
EndProject
Global
	GlobalSection(SolutionConfigurationPlatforms) = preSolution
		Debug|Any CPU = Debug|Any CPU
		Release|Any CPU = Release|Any CPU
	EndGlobalSection
	GlobalSection(ProjectConfigurationPlatforms) = postSolution
		{0B62493A-760A-4FD6-925F-BE286351BA04}.Debug|Any CPU.ActiveCfg = Debug|Any CPU
		{0B62493A-760A-4FD6-925F-BE286351BA04}.Debug|Any CPU.Build.0 = Debug|Any CPU
		{0B62493A-760A-4FD6-925F-BE286351BA04}.Release|Any CPU.ActiveCfg = Release|Any CPU
		{0B62493A-760A-4FD6-925F-BE286351BA04}.Release|Any CPU.Build.0 = Release|Any CPU
		{3F3A8894-D7A0-48AC-8AAC-B446165C69B0}.Debug|Any CPU.ActiveCfg = Debug|Any CPU
		{3F3A8894-D7A0-48AC-8AAC-B446165C69B0}.Debug|Any CPU.Build.0 = Debug|Any CPU
		{3F3A8894-D7A0-48AC-8AAC-B446165C69B0}.Release|Any CPU.ActiveCfg = Release|Any CPU
		{3F3A8894-D7A0-48AC-8AAC-B446165C69B0}.Release|Any CPU.Build.0 = Release|Any CPU
		{3A9C585F-8EC3-4093-A542-C7BDBC780AB2}.Debug|Any CPU.ActiveCfg = Debug|Any CPU
		{3A9C585F-8EC3-4093-A542-C7BDBC780AB2}.Debug|Any CPU.Build.0 = Debug|Any CPU
		{3A9C585F-8EC3-4093-A542-C7BDBC780AB2}.Debug|Any CPU.Deploy.0 = Debug|Any CPU
		{3A9C585F-8EC3-4093-A542-C7BDBC780AB2}.Release|Any CPU.ActiveCfg = Release|Any CPU
		{3A9C585F-8EC3-4093-A542-C7BDBC780AB2}.Release|Any CPU.Build.0 = Release|Any CPU
		{3A9C585F-8EC3-4093-A542-C7BDBC780AB2}.Release|Any CPU.Deploy.0 = Release|Any CPU
	EndGlobalSection
	GlobalSection(SolutionProperties) = preSolution
		HideSolutionNode = FALSE
	EndGlobalSection
	GlobalSection(ExtensibilityGlobals) = postSolution
		SolutionGuid = {49E3833F-0E43-4667-9688-64A3C3251D3E}
	EndGlobalSection
EndGlobal
